# Note:
# * dconf settings are user specific!
# * check settings: "dconf dump /"
- name: disable autolock after idle
  become: true
  become_user: "{{ ubuntu_desktop_vm_user }}"
  dconf:
    key: "{{ item }}"
    value: "true"
    state: present
  with_items:
  - /org/gnome/desktop/lockdown/disable-lock-screen
  notify: restart gdm3

- name: set idle timeout to "never"
  become: true
  become_user: "{{ ubuntu_desktop_vm_user }}"
  dconf:
    key: "{{ item }}"
    value: "uint32 0"
    state: present
  with_items:
  - /org/gnome/desktop/session/idle-delay
  notify: restart gdm3

# # Note: this causes the user to be logged out immediately after login
# # See https://github.com/marvel-nccr/quantum-mobile/issues/93
# - name: disable automatic suspend
#   become: true
#   become_user: "{{ ubuntu_desktop_vm_user }}"
#   dconf:
#     key: "{{ item }}"
#     value: "'nothing'"
#     state: present
#   with_items:
#     - /org/gnome/settings-daemon/plugins/power/sleep-inactive-ac-type
#     - /org/gnome/settings-daemon/plugins/power/sleep-inactive-battery-type
#   notify: restart gdm3

# #Note: Not sure this is still needed in 18.04
# - name: disable autolock after idle
#   dconf:
#     key: "{{ item }}"
#     value: "false"
#     state: present
#   with_items:
#     - /org/gnome/desktop/screensaver/idle-activation-enabled
#     - /org/gnome/desktop/screensaver/lock-enabled
